<?xml version="1.0" encoding="utf-8"?>
<Project ToolsVersion="4.0" xmlns="http://schemas.microsoft.com/developer/msbuild/2003">
  <ItemGroup>
    <Filter Include="Source Files">
      <UniqueIdentifier>{6a2115e2-371d-4574-9a5d-1f925d33f308}</UniqueIdentifier>
    </Filter>
    <Filter Include="Generated Files">
      <UniqueIdentifier>{0bd843e6-31a9-4a42-8b6f-4ce58ee104d9}</UniqueIdentifier>
      <SourceControlFiles>False</SourceControlFiles>
    </Filter>
  </ItemGroup>
  <ItemGroup>
    <None Include="unchecky_bhops.def" />
  </ItemGroup>
  <ItemGroup>
    <ClCompile Include="unchecky_bho_i.c">
      <Filter>Generated Files</Filter>
    </ClCompile>
    <ClCompile Include="unchecky_bho_p.c">
      <Filter>Generated Files</Filter>
    </ClCompile>
    <ClCompile Include="dlldata.c">
      <Filter>Generated Files</Filter>
    </ClCompile>
  </ItemGroup>
</Project>